
Microsoft Visual Studio Solution File, Format Version 12.00
# Visual Studio 2012
Project("{E24C65DC-7377-472B-9ABA-BC803B73C61A}") = "Data_Security_Using_Shamir_Secret_Sharing", ".", "{EFA51A39-697F-42F2-96A6-304D705F04D5}"
	ProjectSection(WebsiteProperties) = preProject
		TargetFrameworkMoniker = ".NETFramework,Version%3Dv4.0"
		Debug.AspNetCompiler.VirtualPath = "/Data_Security_Using_Shamir_Secret_Sharing"
		Debug.AspNetCompiler.PhysicalPath = "..\Data_Security_Using_Shamir_Secret_Sharing\"
		Debug.AspNetCompiler.TargetPath = "PrecompiledWeb\Data_Security_Using_Shamir_Secret_Sharing\"
		Debug.AspNetCompiler.Updateable = "true"
		Debug.AspNetCompiler.ForceOverwrite = "true"
		Debug.AspNetCompiler.FixedNames = "false"
		Debug.AspNetCompiler.Debug = "True"
		Release.AspNetCompiler.VirtualPath = "/Data_Security_Using_Shamir_Secret_Sharing"
		Release.AspNetCompiler.PhysicalPath = "..\Data_Security_Using_Shamir_Secret_Sharing\"
		Release.AspNetCompiler.TargetPath = "PrecompiledWeb\Data_Security_Using_Shamir_Secret_Sharing\"
		Release.AspNetCompiler.Updateable = "true"
		Release.AspNetCompiler.ForceOverwrite = "true"
		Release.AspNetCompiler.FixedNames = "false"
		Release.AspNetCompiler.Debug = "False"
		VWDPort = "52738"
	EndProjectSection
EndProject
Global
	GlobalSection(SolutionConfigurationPlatforms) = preSolution
		Debug|Any CPU = Debug|Any CPU
	EndGlobalSection
	GlobalSection(ProjectConfigurationPlatforms) = postSolution
		{EFA51A39-697F-42F2-96A6-304D705F04D5}.Debug|Any CPU.ActiveCfg = Debug|Any CPU
		{EFA51A39-697F-42F2-96A6-304D705F04D5}.Debug|Any CPU.Build.0 = Debug|Any CPU
	EndGlobalSection
	GlobalSection(SolutionProperties) = preSolution
		HideSolutionNode = FALSE
	EndGlobalSection
EndGlobal
